
Microsoft Visual Studio Solution File, Format Version 12.00
# Visual Studio Version 17
VisualStudioVersion = 17.8.34525.116
MinimumVisualStudioVersion = 10.0.40219.1
Project("{FAE04EC0-301F-11D3-BF4B-00C04F79EFBC}") = "Workaround", "Workaround\Workaround.csproj", "{E481976F-362A-4911-8555-4CF7D6E526A6}"
EndProject
Project("{FAE04EC0-301F-11D3-BF4B-00C04F79EFBC}") = "Entities", "Entities\Entities.csproj", "{6C73378C-B636-4616-93E8-B01FBB6BE515}"
EndProject
Project("{FAE04EC0-301F-11D3-BF4B-00C04F79EFBC}") = "Business", "Business\Business.csproj", "{9273DCDF-5D51-408B-AC33-BFF5F07BAA71}"
EndProject
Global
	GlobalSection(SolutionConfigurationPlatforms) = preSolution
		Debug|Any CPU = Debug|Any CPU
		Release|Any CPU = Release|Any CPU
	EndGlobalSection
	GlobalSection(ProjectConfigurationPlatforms) = postSolution
		{E481976F-362A-4911-8555-4CF7D6E526A6}.Debug|Any CPU.ActiveCfg = Debug|Any CPU
		{E481976F-362A-4911-8555-4CF7D6E526A6}.Debug|Any CPU.Build.0 = Debug|Any CPU
		{E481976F-362A-4911-8555-4CF7D6E526A6}.Release|Any CPU.ActiveCfg = Release|Any CPU
		{E481976F-362A-4911-8555-4CF7D6E526A6}.Release|Any CPU.Build.0 = Release|Any CPU
		{6C73378C-B636-4616-93E8-B01FBB6BE515}.Debug|Any CPU.ActiveCfg = Debug|Any CPU
		{6C73378C-B636-4616-93E8-B01FBB6BE515}.Debug|Any CPU.Build.0 = Debug|Any CPU
		{6C73378C-B636-4616-93E8-B01FBB6BE515}.Release|Any CPU.ActiveCfg = Release|Any CPU
		{6C73378C-B636-4616-93E8-B01FBB6BE515}.Release|Any CPU.Build.0 = Release|Any CPU
		{9273DCDF-5D51-408B-AC33-BFF5F07BAA71}.Debug|Any CPU.ActiveCfg = Debug|Any CPU
		{9273DCDF-5D51-408B-AC33-BFF5F07BAA71}.Debug|Any CPU.Build.0 = Debug|Any CPU
		{9273DCDF-5D51-408B-AC33-BFF5F07BAA71}.Release|Any CPU.ActiveCfg = Release|Any CPU
		{9273DCDF-5D51-408B-AC33-BFF5F07BAA71}.Release|Any CPU.Build.0 = Release|Any CPU
	EndGlobalSection
	GlobalSection(SolutionProperties) = preSolution
		HideSolutionNode = FALSE
	EndGlobalSection
	GlobalSection(ExtensibilityGlobals) = postSolution
		SolutionGuid = {1B34CDD2-33EA-4C91-A1D5-167777E4E1E5}
	EndGlobalSection
EndGlobal
